%{"bbmustache": {:hex, :bbmustache, "1.0.4", "7ba94f971c5afd7b6617918a4bb74705e36cab36eb84b19b6a1b7ee06427aa38", [:rebar], []},
  "bunt": {:hex, :bunt, "0.1.6", "5d95a6882f73f3b9969fdfd1953798046664e6f77ec4e486e6fafc7caad97c6f", [:mix], []},
  "certifi": {:hex, :certifi, "0.4.0", "a7966efb868b179023618d29a407548f70c52466bf1849b9e8ebd0e34b7ea11f", [:rebar3], []},
  "cf": {:hex, :cf, "0.2.1", "69d0b1349fd4d7d4dc55b7f407d29d7a840bf9a1ef5af529f1ebe0ce153fc2ab", [:rebar3], []},
  "cowboy": {:hex, :cowboy, "1.0.4", "a324a8df9f2316c833a470d918aaf73ae894278b8aa6226ce7a9bf699388f878", [:rebar, :make], [{:cowlib, "~> 1.0.0", [hex: :cowlib, optional: false]}, {:ranch, "~> 1.0", [hex: :ranch, optional: false]}]},
  "cowlib": {:hex, :cowlib, "1.0.2", "9d769a1d062c9c3ac753096f868ca121e2730b9a377de23dec0f7e08b1df84ee", [:make], []},
  "credo": {:hex, :credo, "0.4.11", "03a64e9d53309b7132556284dda0be57ba1013885725124cfea7748d740c6170", [:mix], [{:bunt, "~> 0.1.6", [hex: :bunt, optional: false]}]},
  "decimal": {:hex, :decimal, "1.1.2", "79a769d4657b2d537b51ef3c02d29ab7141d2b486b516c109642d453ee08e00c", [:mix], []},
  "dogma": {:hex, :dogma, "0.0.11"},
  "ecto": {:hex, :ecto, "1.1.9", "6f30e4662d540c794048e62a04926c1d3c892a2ba4704fe1e19d4a9b5b2f881e", [:mix], [{:decimal, "~> 1.0", [hex: :decimal, optional: false]}, {:mariaex, "~> 0.5.0 or ~> 0.6.0", [hex: :mariaex, optional: true]}, {:poison, "~> 1.0 or ~> 2.0", [hex: :poison, optional: true]}, {:poolboy, "~> 1.4", [hex: :poolboy, optional: false]}, {:postgrex, "~> 0.11.0", [hex: :postgrex, optional: true]}, {:sbroker, "~> 0.7", [hex: :sbroker, optional: true]}]},
  "eini": {:hex, :eini, "1.2.1", "97c8cb2f54172e671a419fdc8bc3c3cd62d7e8b0993b6482e81ccca9e83604b1", [:rebar3], []},
  "erlcloud": {:hex, :erlcloud, "0.13.6", "cbd69868f536942cfe61a3be6de8dbdc9f877909196dd377cde60192aecb2eee", [:rebar3], [{:eini, "1.2.1", [hex: :eini, optional: false]}, {:jsx, "2.8.0", [hex: :jsx, optional: false]}, {:lhttpc, "1.4.0", [hex: :lhttpc, optional: false]}]},
  "erlware_commons": {:hex, :erlware_commons, "0.21.0", "a04433071ad7d112edefc75ac77719dd3e6753e697ac09428fc83d7564b80b15", [:rebar3], [{:cf, "0.2.1", [hex: :cf, optional: false]}]},
  "esqlite": {:hex, :esqlite, "0.2.2", "e4e8b39062a075e0bd4756b894dd2aa8edbf94c9081c1fb5c72dc705bf2f2d88", [:rebar, :make], []},
  "ex_unit_fixtures": {:hex, :ex_unit_fixtures, "0.3.1", "8ea3fcf6973529c016792b9a424d9e94101e9f7f01a111bd41a2d4e13cc5fa59", [:mix], []},
  "exactor": {:hex, :exactor, "2.2.1", "89bc6798f7ed5b5a090f8e4a0b6997478a3266e831d2ff31677ac764ffa75973", [:mix], []},
  "exrm": {:hex, :exrm, "1.0.8", "5aa8990cdfe300282828b02cefdc339e235f7916388ce99f9a1f926a9271a45d", [:mix], [{:relx, "~> 3.5", [hex: :relx, optional: false]}]},
  "fsm": {:hex, :fsm, "0.2.0", "53bcc0fd4a470c92cbbc3bae2d7f7dd8462898eedd62c37a6be556b94fba0e05", [:mix], []},
  "getopt": {:hex, :getopt, "0.8.2", "b17556db683000ba50370b16c0619df1337e7af7ecbf7d64fbf8d1d6bce3109b", [:rebar], []},
  "gproc": {:hex, :gproc, "0.5.0", "2df2d886f8f8a7b81a4b04aa17972b5965bbc5bf0100ea6d8e8ac6a0e7389afe", [:rebar], []},
  "hackney": {:hex, :hackney, "1.6.1", "ddd22d42db2b50e6a155439c8811b8f6df61a4395de10509714ad2751c6da817", [:rebar3], [{:certifi, "0.4.0", [hex: :certifi, optional: false]}, {:idna, "1.2.0", [hex: :idna, optional: false]}, {:metrics, "1.0.1", [hex: :metrics, optional: false]}, {:mimerl, "1.0.2", [hex: :mimerl, optional: false]}, {:ssl_verify_fun, "1.1.0", [hex: :ssl_verify_fun, optional: false]}]},
  "httpoison": {:hex, :httpoison, "0.9.1", "6c2b4eaf2588a6f3ef29663d28c992531ca3f0bc832a97e0359bc822978e1c5d", [:mix], [{:hackney, "~> 1.6.0", [hex: :hackney, optional: false]}]},
  "idna": {:hex, :idna, "1.2.0", "ac62ee99da068f43c50dc69acf700e03a62a348360126260e87f2b54eced86b2", [:rebar3], []},
  "jsx": {:hex, :jsx, "2.8.0", "749bec6d205c694ae1786d62cea6cc45a390437e24835fd16d12d74f07097727", [:mix, :rebar], []},
  "lhttpc": {:hex, :lhttpc, "1.4.0", "61760afec1ddb98e47972be93b13fbff487a63d65b91a02c41122a0adf83da38", [:rebar3], []},
  "meck": {:hex, :meck, "0.8.3", "4628a1334c69610c5bd558b04dc78d723d8ec5445c123856de34c77f462b5ee5", [:rebar], []},
  "metrics": {:hex, :metrics, "1.0.1", "25f094dea2cda98213cecc3aeff09e940299d950904393b2a29d191c346a8486", [:rebar3], []},
  "mime": {:hex, :mime, "1.0.1", "05c393850524767d13a53627df71beeebb016205eb43bfbd92d14d24ec7a1b51", [:mix], []},
  "mimerl": {:hex, :mimerl, "1.0.2", "993f9b0e084083405ed8252b99460c4f0563e41729ab42d9074fd5e52439be88", [:rebar3], []},
  "pipe": {:hex, :pipe, "0.0.2", "eff98a868b426745acef103081581093ff5c1b88100f8ff5949b4a30e81d0d9f", [:mix], []},
  "plug": {:hex, :plug, "1.2.0", "496bef96634a49d7803ab2671482f0c5ce9ce0b7b9bc25bc0ae8e09859dd2004", [:mix], [{:cowboy, "~> 1.0", [hex: :cowboy, optional: true]}, {:mime, "~> 1.0", [hex: :mime, optional: false]}]},
  "poison": {:hex, :poison, "1.5.2", "560bdfb7449e3ddd23a096929fb9fc2122f709bcc758b2d5d5a5c7d0ea848910", [:mix], []},
  "poolboy": {:hex, :poolboy, "1.5.1", "6b46163901cfd0a1b43d692657ed9d7e599853b3b21b95ae5ae0a777cf9b6ca8", [:rebar], []},
  "providers": {:hex, :providers, "1.6.0", "db0e2f9043ae60c0155205fcd238d68516331d0e5146155e33d1e79dc452964a", [:rebar3], [{:getopt, "0.8.2", [hex: :getopt, optional: false]}]},
  "ranch": {:hex, :ranch, "1.2.1", "a6fb992c10f2187b46ffd17ce398ddf8a54f691b81768f9ef5f461ea7e28c762", [:make], []},
  "relx": {:hex, :relx, "3.21.0", "91e1ea9f09b4edfda8461901f4b5c5e0226e43ec161e147eeab29f7761df6eb5", [:rebar3], [{:bbmustache, "1.0.4", [hex: :bbmustache, optional: false]}, {:cf, "0.2.1", [hex: :cf, optional: false]}, {:erlware_commons, "0.21.0", [hex: :erlware_commons, optional: false]}, {:getopt, "0.8.2", [hex: :getopt, optional: false]}, {:providers, "1.6.0", [hex: :providers, optional: false]}]},
  "sqlite_ecto": {:hex, :sqlite_ecto, "1.1.0", "7a1b2c85670264d80d34bf2372ed8f3ae75ea97a2fdd5b791e35968b84e18a37", [:mix], [{:ecto, "~> 1.1", [hex: :ecto, optional: false]}, {:poison, "~> 1.0", [hex: :poison, optional: false]}, {:sqlitex, "~> 0.8", [hex: :sqlitex, optional: false]}]},
  "sqlitex": {:hex, :sqlitex, "0.8.3", "226901fe73fb9d74a5bc742594074dc3cac725ee632d595a704dd8bf92661044", [:mix], [{:decimal, "~> 1.1.0", [hex: :decimal, optional: false]}, {:esqlite, "~> 0.2.0", [hex: :esqlite, optional: false]}, {:pipe, "~> 0.0.2", [hex: :pipe, optional: false]}]},
  "ssl_verify_fun": {:hex, :ssl_verify_fun, "1.1.0", "edee20847c42e379bf91261db474ffbe373f8acb56e9079acb6038d4e0bf414f", [:rebar, :make], []},
  "ssl_verify_hostname": {:hex, :ssl_verify_hostname, "1.0.5", "2e73e068cd6393526f9fa6d399353d7c9477d6886ba005f323b592d389fb47be", [:make], []},
  "uuid": {:hex, :uuid, "1.1.4", "36c7734e4c8e357f2f67ba57fb61799d60c20a7f817b104896cca64b857e3686", [:mix], []}}
