%{"bbmustache": {:hex, :bbmustache, "1.0.3", "0fa96a57e0c7b53a5429d6d0be2c56699210dee97e63bc1c956726d99e7ea533", [:rebar], []},
  "bunt": {:hex, :bunt, "0.1.6", "5d95a6882f73f3b9969fdfd1953798046664e6f77ec4e486e6fafc7caad97c6f", [:mix], []},
  "certifi": {:hex, :certifi, "0.3.0", "389d4b126a47895fe96d65fcf8681f4d09eca1153dc2243ed6babad0aac1e763", [:rebar3], []},
  "cowboy": {:hex, :cowboy, "1.0.4", "a324a8df9f2316c833a470d918aaf73ae894278b8aa6226ce7a9bf699388f878", [:rebar, :make], [{:cowlib, "~> 1.0.0", [hex: :cowlib, optional: false]}, {:ranch, "~> 1.0", [hex: :ranch, optional: false]}]},
  "cowlib": {:hex, :cowlib, "1.0.2", "9d769a1d062c9c3ac753096f868ca121e2730b9a377de23dec0f7e08b1df84ee", [:make], []},
  "credo": {:hex, :credo, "0.3.13", "90d2d2deb9d376bb2a63f81126a320c3920ce65acb1294982ab49a8aacc7d89f", [:mix], [{:bunt, "~> 0.1.4", [hex: :bunt, optional: false]}]},
  "decimal": {:hex, :decimal, "1.1.2", "79a769d4657b2d537b51ef3c02d29ab7141d2b486b516c109642d453ee08e00c", [:mix], []},
  "dogma": {:hex, :dogma, "0.0.11"},
  "ecto": {:hex, :ecto, "1.1.7", "c37127248756e725eb8254b371764b40c05a90c104b2065d1d4f7e32573fdbec", [:mix], [{:sbroker, "~> 0.7", [hex: :sbroker, optional: true]}, {:postgrex, "~> 0.11.0", [hex: :postgrex, optional: true]}, {:poolboy, "~> 1.4", [hex: :poolboy, optional: false]}, {:poison, "~> 1.0 or ~> 2.0", [hex: :poison, optional: true]}, {:mariaex, "~> 0.5.0 or ~> 0.6.0", [hex: :mariaex, optional: true]}, {:decimal, "~> 1.0", [hex: :decimal, optional: false]}]},
  "erlcloud": {:hex, :erlcloud, "0.12.0", "272e6b9168fb4e236031ea4320d183a3bfeb12580c1ad7af18a067eb94bf39d7", [:rebar3], [{:meck, "0.8.3", [hex: :meck, optional: false]}, {:lhttpc, "1.3.0", [hex: :lhttpc, optional: false]}, {:jsx, "2.7.2", [hex: :jsx, optional: false]}]},
  "erlware_commons": {:hex, :erlware_commons, "0.15.0", "99a7aa84b5fdf423c0f2c7907a8443288f991b676cf22abac6f9b5a526ccc189", [:rebar], []},
  "esqlite": {:hex, :esqlite, "0.2.2", "e4e8b39062a075e0bd4756b894dd2aa8edbf94c9081c1fb5c72dc705bf2f2d88", [:rebar, :make], []},
  "ex_unit_fixtures": {:hex, :ex_unit_fixtures, "0.3.0", "d6ee586e728fbae76930a0715483713da5d9f6fc4ea8ff4a5c1201cce65b472c", [:mix], []},
  "exactor": {:hex, :exactor, "2.2.0", "2a7418b82d974fe8276edd62c1facf4a9dc06339cdf11b5dcd10359e107fe5c3", [:mix], []},
  "exrm": {:hex, :exrm, "1.0.4", "b20279ff7f0c5c240fe47f5a2aea12c00ced539c8001e59abb8c1ad50759cbe3", [:mix], [{:relx, "~> 3.5", [hex: :relx, optional: false]}]},
  "fsm": {:hex, :fsm, "0.2.0", "53bcc0fd4a470c92cbbc3bae2d7f7dd8462898eedd62c37a6be556b94fba0e05", [:mix], []},
  "getopt": {:hex, :getopt, "0.8.2", "b17556db683000ba50370b16c0619df1337e7af7ecbf7d64fbf8d1d6bce3109b", [:rebar], []},
  "gproc": {:hex, :gproc, "0.5.0", "2df2d886f8f8a7b81a4b04aa17972b5965bbc5bf0100ea6d8e8ac6a0e7389afe", [:rebar], []},
  "hackney": {:hex, :hackney, "1.4.7", "fcca8e6ba215de6225cc9b56230a3ef441ddaee05d963a39b56ca7b064026342", [:rebar3], [{:ssl_verify_hostname, "1.0.5", [hex: :ssl_verify_hostname, optional: false]}, {:mimerl, "1.0.2", [hex: :mimerl, optional: false]}, {:idna, "1.0.2", [hex: :idna, optional: false]}, {:certifi, "0.3.0", [hex: :certifi, optional: false]}]},
  "httpoison": {:hex, :httpoison, "0.8.1", "5b706be2b0af81d1a3870479a2e1b925517c2a64316f70c6cc8aceac9e55f695", [:mix], [{:hackney, "~> 1.4.4", [hex: :hackney, optional: false]}]},
  "idna": {:hex, :idna, "1.0.2", "397e3d001c002319da75759b0a81156bf11849c71d565162436d50020cb7265e", [:make], []},
  "jsx": {:hex, :jsx, "2.7.2", "7864bbe4d7a829625d081e08009d8dbf8d5235ed54dc7535842daa21a17d7715", [:mix, :rebar], []},
  "lhttpc": {:hex, :lhttpc, "1.3.0", "52d60282381820f4deb3062f4a6e3f8630f4d40b49f0b16b7344ed9e49cdf5fe", [:rebar], []},
  "meck": {:hex, :meck, "0.8.3", "4628a1334c69610c5bd558b04dc78d723d8ec5445c123856de34c77f462b5ee5", [:rebar], []},
  "mimerl": {:hex, :mimerl, "1.0.2", "993f9b0e084083405ed8252b99460c4f0563e41729ab42d9074fd5e52439be88", [:rebar3], []},
  "pipe": {:hex, :pipe, "0.0.2", "eff98a868b426745acef103081581093ff5c1b88100f8ff5949b4a30e81d0d9f", [:mix], []},
  "plug": {:hex, :plug, "1.1.4", "2eee0e85ad420db96e075b3191d3764d6fff61422b101dc5b02e9cce99cacfc7", [:mix], [{:cowboy, "~> 1.0", [hex: :cowboy, optional: true]}]},
  "poison": {:hex, :poison, "1.5.2", "560bdfb7449e3ddd23a096929fb9fc2122f709bcc758b2d5d5a5c7d0ea848910", [:mix], []},
  "poolboy": {:hex, :poolboy, "1.5.1", "6b46163901cfd0a1b43d692657ed9d7e599853b3b21b95ae5ae0a777cf9b6ca8", [:rebar], []},
  "providers": {:hex, :providers, "1.4.1", "e74176b29d4771544410af5022fe1306b100d0f57c9e0f3656bcff5962f87cd2", [:rebar], [{:getopt, "0.8.2", [hex: :getopt, optional: false]}]},
  "ranch": {:hex, :ranch, "1.2.1", "a6fb992c10f2187b46ffd17ce398ddf8a54f691b81768f9ef5f461ea7e28c762", [:make], []},
  "relx": {:hex, :relx, "3.5.0", "4f7461b8de9c000fd2fcc2f805b4454f50b6fb96339c506e26dc12f5a77c090f", [:rebar], [{:providers, "1.4.1", [hex: :providers, optional: false]}, {:getopt, "0.8.2", [hex: :getopt, optional: false]}, {:erlware_commons, "0.15.0", [hex: :erlware_commons, optional: false]}, {:bbmustache, "1.0.3", [hex: :bbmustache, optional: false]}]},
  "sqlite_ecto": {:hex, :sqlite_ecto, "1.1.0", "7a1b2c85670264d80d34bf2372ed8f3ae75ea97a2fdd5b791e35968b84e18a37", [:mix], [{:sqlitex, "~> 0.8", [hex: :sqlitex, optional: false]}, {:poison, "~> 1.0", [hex: :poison, optional: false]}, {:ecto, "~> 1.1", [hex: :ecto, optional: false]}]},
  "sqlitex": {:hex, :sqlitex, "0.8.3", "226901fe73fb9d74a5bc742594074dc3cac725ee632d595a704dd8bf92661044", [:mix], [{:pipe, "~> 0.0.2", [hex: :pipe, optional: false]}, {:esqlite, "~> 0.2.0", [hex: :esqlite, optional: false]}, {:decimal, "~> 1.1.0", [hex: :decimal, optional: false]}]},
  "ssl_verify_hostname": {:hex, :ssl_verify_hostname, "1.0.5", "2e73e068cd6393526f9fa6d399353d7c9477d6886ba005f323b592d389fb47be", [:make], []},
  "uuid": {:hex, :uuid, "1.1.3", "06ca38801a1a95b751701ca40716bb97ddf76dfe7e26da0eec7dba636740d57a", [:mix], []}}
